
Microsoft Visual Studio Solution File, Format Version 12.00
# Visual Studio 15
VisualStudioVersion = 15.0.26124.0
MinimumVisualStudioVersion = 15.0.26124.0
Project("{2150E333-8FDC-42A3-9474-1A3956D46DE8}") = "src", "src", "{10757A6C-0B14-4CA4-91FE-7A0EA90A9965}"
EndProject
Project("{FAE04EC0-301F-11D3-BF4B-00C04F79EFBC}") = "DonationCore", "src\DonationCore\DonationCore.csproj", "{A1389181-F4B6-442D-93AF-9AFB06DC678F}"
EndProject
Project("{FAE04EC0-301F-11D3-BF4B-00C04F79EFBC}") = "DonationRepository", "src\DonationRepository\DonationRepository.csproj", "{8A60D344-8082-477B-989A-3BFA510B5B0C}"
EndProject
Project("{FAE04EC0-301F-11D3-BF4B-00C04F79EFBC}") = "DonationAPI", "src\DonationAPI\DonationAPI.csproj", "{B84762CF-2FA6-43DA-80AF-71E359AC4DC7}"
EndProject
Project("{FAE04EC0-301F-11D3-BF4B-00C04F79EFBC}") = "DonationTest", "DonationTest\DonationTest.csproj", "{E89E3727-A117-413C-8EB8-1FDB14883644}"
EndProject
Global
	GlobalSection(SolutionConfigurationPlatforms) = preSolution
		Debug|Any CPU = Debug|Any CPU
		Debug|x64 = Debug|x64
		Debug|x86 = Debug|x86
		Release|Any CPU = Release|Any CPU
		Release|x64 = Release|x64
		Release|x86 = Release|x86
	EndGlobalSection
	GlobalSection(SolutionProperties) = preSolution
		HideSolutionNode = FALSE
	EndGlobalSection
	GlobalSection(ProjectConfigurationPlatforms) = postSolution
		{A1389181-F4B6-442D-93AF-9AFB06DC678F}.Debug|Any CPU.ActiveCfg = Debug|Any CPU
		{A1389181-F4B6-442D-93AF-9AFB06DC678F}.Debug|Any CPU.Build.0 = Debug|Any CPU
		{A1389181-F4B6-442D-93AF-9AFB06DC678F}.Debug|x64.ActiveCfg = Debug|x64
		{A1389181-F4B6-442D-93AF-9AFB06DC678F}.Debug|x64.Build.0 = Debug|x64
		{A1389181-F4B6-442D-93AF-9AFB06DC678F}.Debug|x86.ActiveCfg = Debug|x86
		{A1389181-F4B6-442D-93AF-9AFB06DC678F}.Debug|x86.Build.0 = Debug|x86
		{A1389181-F4B6-442D-93AF-9AFB06DC678F}.Release|Any CPU.ActiveCfg = Release|Any CPU
		{A1389181-F4B6-442D-93AF-9AFB06DC678F}.Release|Any CPU.Build.0 = Release|Any CPU
		{A1389181-F4B6-442D-93AF-9AFB06DC678F}.Release|x64.ActiveCfg = Release|x64
		{A1389181-F4B6-442D-93AF-9AFB06DC678F}.Release|x64.Build.0 = Release|x64
		{A1389181-F4B6-442D-93AF-9AFB06DC678F}.Release|x86.ActiveCfg = Release|x86
		{A1389181-F4B6-442D-93AF-9AFB06DC678F}.Release|x86.Build.0 = Release|x86
		{8A60D344-8082-477B-989A-3BFA510B5B0C}.Debug|Any CPU.ActiveCfg = Debug|Any CPU
		{8A60D344-8082-477B-989A-3BFA510B5B0C}.Debug|Any CPU.Build.0 = Debug|Any CPU
		{8A60D344-8082-477B-989A-3BFA510B5B0C}.Debug|x64.ActiveCfg = Debug|x64
		{8A60D344-8082-477B-989A-3BFA510B5B0C}.Debug|x64.Build.0 = Debug|x64
		{8A60D344-8082-477B-989A-3BFA510B5B0C}.Debug|x86.ActiveCfg = Debug|x86
		{8A60D344-8082-477B-989A-3BFA510B5B0C}.Debug|x86.Build.0 = Debug|x86
		{8A60D344-8082-477B-989A-3BFA510B5B0C}.Release|Any CPU.ActiveCfg = Release|Any CPU
		{8A60D344-8082-477B-989A-3BFA510B5B0C}.Release|Any CPU.Build.0 = Release|Any CPU
		{8A60D344-8082-477B-989A-3BFA510B5B0C}.Release|x64.ActiveCfg = Release|x64
		{8A60D344-8082-477B-989A-3BFA510B5B0C}.Release|x64.Build.0 = Release|x64
		{8A60D344-8082-477B-989A-3BFA510B5B0C}.Release|x86.ActiveCfg = Release|x86
		{8A60D344-8082-477B-989A-3BFA510B5B0C}.Release|x86.Build.0 = Release|x86
		{9A2FB6AF-5696-4EA0-900E-674286FC38A2}.Debug|Any CPU.ActiveCfg = Debug|Any CPU
		{9A2FB6AF-5696-4EA0-900E-674286FC38A2}.Debug|Any CPU.Build.0 = Debug|Any CPU
		{9A2FB6AF-5696-4EA0-900E-674286FC38A2}.Debug|x64.ActiveCfg = Debug|x64
		{9A2FB6AF-5696-4EA0-900E-674286FC38A2}.Debug|x64.Build.0 = Debug|x64
		{9A2FB6AF-5696-4EA0-900E-674286FC38A2}.Debug|x86.ActiveCfg = Debug|x86
		{9A2FB6AF-5696-4EA0-900E-674286FC38A2}.Debug|x86.Build.0 = Debug|x86
		{9A2FB6AF-5696-4EA0-900E-674286FC38A2}.Release|Any CPU.ActiveCfg = Release|Any CPU
		{9A2FB6AF-5696-4EA0-900E-674286FC38A2}.Release|Any CPU.Build.0 = Release|Any CPU
		{9A2FB6AF-5696-4EA0-900E-674286FC38A2}.Release|x64.ActiveCfg = Release|x64
		{9A2FB6AF-5696-4EA0-900E-674286FC38A2}.Release|x64.Build.0 = Release|x64
		{9A2FB6AF-5696-4EA0-900E-674286FC38A2}.Release|x86.ActiveCfg = Release|x86
		{9A2FB6AF-5696-4EA0-900E-674286FC38A2}.Release|x86.Build.0 = Release|x86
		{B84762CF-2FA6-43DA-80AF-71E359AC4DC7}.Debug|Any CPU.ActiveCfg = Debug|Any CPU
		{B84762CF-2FA6-43DA-80AF-71E359AC4DC7}.Debug|Any CPU.Build.0 = Debug|Any CPU
		{B84762CF-2FA6-43DA-80AF-71E359AC4DC7}.Debug|x64.ActiveCfg = Debug|x64
		{B84762CF-2FA6-43DA-80AF-71E359AC4DC7}.Debug|x64.Build.0 = Debug|x64
		{B84762CF-2FA6-43DA-80AF-71E359AC4DC7}.Debug|x86.ActiveCfg = Debug|x86
		{B84762CF-2FA6-43DA-80AF-71E359AC4DC7}.Debug|x86.Build.0 = Debug|x86
		{B84762CF-2FA6-43DA-80AF-71E359AC4DC7}.Release|Any CPU.ActiveCfg = Release|Any CPU
		{B84762CF-2FA6-43DA-80AF-71E359AC4DC7}.Release|Any CPU.Build.0 = Release|Any CPU
		{B84762CF-2FA6-43DA-80AF-71E359AC4DC7}.Release|x64.ActiveCfg = Release|x64
		{B84762CF-2FA6-43DA-80AF-71E359AC4DC7}.Release|x64.Build.0 = Release|x64
		{B84762CF-2FA6-43DA-80AF-71E359AC4DC7}.Release|x86.ActiveCfg = Release|x86
		{B84762CF-2FA6-43DA-80AF-71E359AC4DC7}.Release|x86.Build.0 = Release|x86
		{E89E3727-A117-413C-8EB8-1FDB14883644}.Debug|Any CPU.ActiveCfg = Debug|Any CPU
		{E89E3727-A117-413C-8EB8-1FDB14883644}.Debug|Any CPU.Build.0 = Debug|Any CPU
		{E89E3727-A117-413C-8EB8-1FDB14883644}.Debug|x64.ActiveCfg = Debug|x64
		{E89E3727-A117-413C-8EB8-1FDB14883644}.Debug|x64.Build.0 = Debug|x64
		{E89E3727-A117-413C-8EB8-1FDB14883644}.Debug|x86.ActiveCfg = Debug|x86
		{E89E3727-A117-413C-8EB8-1FDB14883644}.Debug|x86.Build.0 = Debug|x86
		{E89E3727-A117-413C-8EB8-1FDB14883644}.Release|Any CPU.ActiveCfg = Release|Any CPU
		{E89E3727-A117-413C-8EB8-1FDB14883644}.Release|Any CPU.Build.0 = Release|Any CPU
		{E89E3727-A117-413C-8EB8-1FDB14883644}.Release|x64.ActiveCfg = Release|x64
		{E89E3727-A117-413C-8EB8-1FDB14883644}.Release|x64.Build.0 = Release|x64
		{E89E3727-A117-413C-8EB8-1FDB14883644}.Release|x86.ActiveCfg = Release|x86
		{E89E3727-A117-413C-8EB8-1FDB14883644}.Release|x86.Build.0 = Release|x86
	EndGlobalSection
	GlobalSection(NestedProjects) = preSolution
		{A1389181-F4B6-442D-93AF-9AFB06DC678F} = {10757A6C-0B14-4CA4-91FE-7A0EA90A9965}
		{8A60D344-8082-477B-989A-3BFA510B5B0C} = {10757A6C-0B14-4CA4-91FE-7A0EA90A9965}
		{9A2FB6AF-5696-4EA0-900E-674286FC38A2} = {10757A6C-0B14-4CA4-91FE-7A0EA90A9965}
		{B84762CF-2FA6-43DA-80AF-71E359AC4DC7} = {10757A6C-0B14-4CA4-91FE-7A0EA90A9965}
	EndGlobalSection
EndGlobal
